
Microsoft Visual Studio Solution File, Format Version 12.00
# Visual Studio Version 17
VisualStudioVersion = 17.8.34309.116
MinimumVisualStudioVersion = 10.0.40219.1
Project("{FAE04EC0-301F-11D3-BF4B-00C04F79EFBC}") = "SRP-SOLID", "SRP-SOLID.csproj", "{EECB5B09-9D0E-4066-80D4-007D933C4F3C}"
EndProject
Global
	GlobalSection(SolutionConfigurationPlatforms) = preSolution
		Debug|Any CPU = Debug|Any CPU
		Release|Any CPU = Release|Any CPU
	EndGlobalSection
	GlobalSection(ProjectConfigurationPlatforms) = postSolution
		{EECB5B09-9D0E-4066-80D4-007D933C4F3C}.Debug|Any CPU.ActiveCfg = Debug|Any CPU
		{EECB5B09-9D0E-4066-80D4-007D933C4F3C}.Debug|Any CPU.Build.0 = Debug|Any CPU
		{EECB5B09-9D0E-4066-80D4-007D933C4F3C}.Release|Any CPU.ActiveCfg = Release|Any CPU
		{EECB5B09-9D0E-4066-80D4-007D933C4F3C}.Release|Any CPU.Build.0 = Release|Any CPU
	EndGlobalSection
	GlobalSection(SolutionProperties) = preSolution
		HideSolutionNode = FALSE
	EndGlobalSection
	GlobalSection(ExtensibilityGlobals) = postSolution
		SolutionGuid = {23B64461-D46C-4B4C-BB3C-5AE86AAE14D4}
	EndGlobalSection
EndGlobal
